
Microsoft Visual Studio Solution File, Format Version 12.00
# Visual Studio Version 17
VisualStudioVersion = 17.5.33530.505
MinimumVisualStudioVersion = 10.0.40219.1
Project("{FAE04EC0-301F-11D3-BF4B-00C04F79EFBC}") = "taskfp2", "taskfp2.csproj", "{B96A22BB-2FE3-48C6-8944-946E9440F82B}"
EndProject
Global
	GlobalSection(SolutionConfigurationPlatforms) = preSolution
		Debug|Any CPU = Debug|Any CPU
		Release|Any CPU = Release|Any CPU
	EndGlobalSection
	GlobalSection(ProjectConfigurationPlatforms) = postSolution
		{B96A22BB-2FE3-48C6-8944-946E9440F82B}.Debug|Any CPU.ActiveCfg = Debug|Any CPU
		{B96A22BB-2FE3-48C6-8944-946E9440F82B}.Debug|Any CPU.Build.0 = Debug|Any CPU
		{B96A22BB-2FE3-48C6-8944-946E9440F82B}.Release|Any CPU.ActiveCfg = Release|Any CPU
		{B96A22BB-2FE3-48C6-8944-946E9440F82B}.Release|Any CPU.Build.0 = Release|Any CPU
	EndGlobalSection
	GlobalSection(SolutionProperties) = preSolution
		HideSolutionNode = FALSE
	EndGlobalSection
	GlobalSection(ExtensibilityGlobals) = postSolution
		SolutionGuid = {E49EBFE2-477C-4F56-AD2E-07221CFA3471}
	EndGlobalSection
EndGlobal
